// !$*UTF8*$!
{
	archiveVersion = 1;
	classes = {
	};
	objectVersion = 46;
	objects = {

/* Begin PBXBuildFile section */
		6386D7601DD2C08E0020B897 /* AppDelegate.swift in Sources */ = {isa = PBXBuildFile; fileRef = 6386D75F1DD2C08E0020B897 /* AppDelegate.swift */; };
		6386D7621DD2C08E0020B897 /* MainViewController.swift in Sources */ = {isa = PBXBuildFile; fileRef = 6386D7611DD2C08E0020B897 /* MainViewController.swift */; };
		6386D7651DD2C08E0020B897 /* Main.storyboard in Resources */ = {isa = PBXBuildFile; fileRef = 6386D7631DD2C08E0020B897 /* Main.storyboard */; };
		6386D7671DD2C08E0020B897 /* Assets.xcassets in Resources */ = {isa = PBXBuildFile; fileRef = 6386D7661DD2C08E0020B897 /* Assets.xcassets */; };
		6386D76A1DD2C08E0020B897 /* LaunchScreen.storyboard in Resources */ = {isa = PBXBuildFile; fileRef = 6386D7681DD2C08E0020B897 /* LaunchScreen.storyboard */; };
		6386D7711DD2CC020020B897 /* EventFix.swift in Sources */ = {isa = PBXBuildFile; fileRef = 6386D76F1DD2CC020020B897 /* EventFix.swift */; };
		6386D7721DD2CC020020B897 /* EventFix.swift in Sources */ = {isa = PBXBuildFile; fileRef = 6386D76F1DD2CC020020B897 /* EventFix.swift */; };
		6386D7731DD2CC020020B897 /* EventFixManager.swift in Sources */ = {isa = PBXBuildFile; fileRef = 6386D7701DD2CC020020B897 /* EventFixManager.swift */; };
		6386D7741DD2CC020020B897 /* EventFixManager.swift in Sources */ = {isa = PBXBuildFile; fileRef = 6386D7701DD2CC020020B897 /* EventFixManager.swift */; };
		6386D7771DD2CE140020B897 /* SettingsViewController.swift in Sources */ = {isa = PBXBuildFile; fileRef = 6386D7751DD2CE140020B897 /* SettingsViewController.swift */; };
		6398EB581DD2AB0E0034CEAB /* TweakViewController.swift in Sources */ = {isa = PBXBuildFile; fileRef = 6398EB571DD2AB0E0034CEAB /* TweakViewController.swift */; };
		63AE70321DD0792700872CAF /* AppDelegate.swift in Sources */ = {isa = PBXBuildFile; fileRef = 63AE70311DD0792700872CAF /* AppDelegate.swift */; };
		63AE70341DD0792700872CAF /* ViewController.swift in Sources */ = {isa = PBXBuildFile; fileRef = 63AE70331DD0792700872CAF /* ViewController.swift */; };
		63AE70361DD0792700872CAF /* Assets.xcassets in Resources */ = {isa = PBXBuildFile; fileRef = 63AE70351DD0792700872CAF /* Assets.xcassets */; };
		63AE70391DD0792700872CAF /* Main.storyboard in Resources */ = {isa = PBXBuildFile; fileRef = 63AE70371DD0792700872CAF /* Main.storyboard */; };
/* End PBXBuildFile section */

/* Begin PBXFileReference section */
		6386D75D1DD2C08E0020B897 /* SchedFixMobile.app */ = {isa = PBXFileReference; explicitFileType = wrapper.application; includeInIndex = 0; path = SchedFixMobile.app; sourceTree = BUILT_PRODUCTS_DIR; };
		6386D75F1DD2C08E0020B897 /* AppDelegate.swift */ = {isa = PBXFileReference; lastKnownFileType = sourcecode.swift; path = AppDelegate.swift; sourceTree = "<group>"; };
		6386D7611DD2C08E0020B897 /* MainViewController.swift */ = {isa = PBXFileReference; lastKnownFileType = sourcecode.swift; path = MainViewController.swift; sourceTree = "<group>"; };
		6386D7641DD2C08E0020B897 /* Base */ = {isa = PBXFileReference; lastKnownFileType = file.storyboard; name = Base; path = Base.lproj/Main.storyboard; sourceTree = "<group>"; };
		6386D7661DD2C08E0020B897 /* Assets.xcassets */ = {isa = PBXFileReference; lastKnownFileType = folder.assetcatalog; path = Assets.xcassets; sourceTree = "<group>"; };
		6386D7691DD2C08E0020B897 /* Base */ = {isa = PBXFileReference; lastKnownFileType = file.storyboard; name = Base; path = Base.lproj/LaunchScreen.storyboard; sourceTree = "<group>"; };
		6386D76B1DD2C08E0020B897 /* Info.plist */ = {isa = PBXFileReference; lastKnownFileType = text.plist.xml; path = Info.plist; sourceTree = "<group>"; };
		6386D76F1DD2CC020020B897 /* EventFix.swift */ = {isa = PBXFileReference; fileEncoding = 4; lastKnownFileType = sourcecode.swift; path = EventFix.swift; sourceTree = "<group>"; };
		6386D7701DD2CC020020B897 /* EventFixManager.swift */ = {isa = PBXFileReference; fileEncoding = 4; lastKnownFileType = sourcecode.swift; path = EventFixManager.swift; sourceTree = "<group>"; };
		6386D7751DD2CE140020B897 /* SettingsViewController.swift */ = {isa = PBXFileReference; fileEncoding = 4; lastKnownFileType = sourcecode.swift; path = SettingsViewController.swift; sourceTree = "<group>"; };
		6398EB571DD2AB0E0034CEAB /* TweakViewController.swift */ = {isa = PBXFileReference; fileEncoding = 4; lastKnownFileType = sourcecode.swift; path = TweakViewController.swift; sourceTree = "<group>"; };
		63AE702E1DD0792700872CAF /* SchedFix.app */ = {isa = PBXFileReference; explicitFileType = wrapper.application; includeInIndex = 0; path = SchedFix.app; sourceTree = BUILT_PRODUCTS_DIR; };
		63AE70311DD0792700872CAF /* AppDelegate.swift */ = {isa = PBXFileReference; lastKnownFileType = sourcecode.swift; path = AppDelegate.swift; sourceTree = "<group>"; };
		63AE70331DD0792700872CAF /* ViewController.swift */ = {isa = PBXFileReference; lastKnownFileType = sourcecode.swift; path = ViewController.swift; sourceTree = "<group>"; };
		63AE70351DD0792700872CAF /* Assets.xcassets */ = {isa = PBXFileReference; lastKnownFileType = folder.assetcatalog; path = Assets.xcassets; sourceTree = "<group>"; };
		63AE70381DD0792700872CAF /* Base */ = {isa = PBXFileReference; lastKnownFileType = file.storyboard; name = Base; path = Base.lproj/Main.storyboard; sourceTree = "<group>"; };
		63AE703A1DD0792700872CAF /* Info.plist */ = {isa = PBXFileReference; lastKnownFileType = text.plist.xml; path = Info.plist; sourceTree = "<group>"; };
		63AE70421DD114D500872CAF /* SchedFix.entitlements */ = {isa = PBXFileReference; lastKnownFileType = text.plist.entitlements; path = SchedFix.entitlements; sourceTree = "<group>"; };
/* End PBXFileReference section */

/* Begin PBXFrameworksBuildPhase section */
		6386D75A1DD2C08E0020B897 /* Frameworks */ = {
			isa = PBXFrameworksBuildPhase;
			buildActionMask = 2147483647;
			files = (
			);
			runOnlyForDeploymentPostprocessing = 0;
		};
		63AE702B1DD0792700872CAF /* Frameworks */ = {
			isa = PBXFrameworksBuildPhase;
			buildActionMask = 2147483647;
			files = (
			);
			runOnlyForDeploymentPostprocessing = 0;
		};
/* End PBXFrameworksBuildPhase section */

/* Begin PBXGroup section */
		6386D75E1DD2C08E0020B897 /* SchedFixMobile */ = {
			isa = PBXGroup;
			children = (
				6386D75F1DD2C08E0020B897 /* AppDelegate.swift */,
				6386D7611DD2C08E0020B897 /* MainViewController.swift */,
				6386D7631DD2C08E0020B897 /* Main.storyboard */,
				6386D7661DD2C08E0020B897 /* Assets.xcassets */,
				6386D7681DD2C08E0020B897 /* LaunchScreen.storyboard */,
				6386D76B1DD2C08E0020B897 /* Info.plist */,
				6386D7751DD2CE140020B897 /* SettingsViewController.swift */,
			);
			path = SchedFixMobile;
			sourceTree = "<group>";
		};
		63AE70251DD0792700872CAF = {
			isa = PBXGroup;
			children = (
				6386D76F1DD2CC020020B897 /* EventFix.swift */,
				6386D7701DD2CC020020B897 /* EventFixManager.swift */,
				63AE70301DD0792700872CAF /* SchedFix */,
				6386D75E1DD2C08E0020B897 /* SchedFixMobile */,
				63AE702F1DD0792700872CAF /* Products */,
			);
			sourceTree = "<group>";
		};
		63AE702F1DD0792700872CAF /* Products */ = {
			isa = PBXGroup;
			children = (
				63AE702E1DD0792700872CAF /* SchedFix.app */,
				6386D75D1DD2C08E0020B897 /* SchedFixMobile.app */,
			);
			name = Products;
			sourceTree = "<group>";
		};
		63AE70301DD0792700872CAF /* SchedFix */ = {
			isa = PBXGroup;
			children = (
				63AE70421DD114D500872CAF /* SchedFix.entitlements */,
				63AE70311DD0792700872CAF /* AppDelegate.swift */,
				63AE70331DD0792700872CAF /* ViewController.swift */,
				63AE70351DD0792700872CAF /* Assets.xcassets */,
				63AE70371DD0792700872CAF /* Main.storyboard */,
				6398EB571DD2AB0E0034CEAB /* TweakViewController.swift */,
				63AE703A1DD0792700872CAF /* Info.plist */,
			);
			path = SchedFix;
			sourceTree = "<group>";
		};
/* End PBXGroup section */

/* Begin PBXNativeTarget section */
		6386D75C1DD2C08E0020B897 /* SchedFixMobile */ = {
			isa = PBXNativeTarget;
			buildConfigurationList = 6386D76E1DD2C08E0020B897 /* Build configuration list for PBXNativeTarget "SchedFixMobile" */;
			buildPhases = (
				6386D7591DD2C08E0020B897 /* Sources */,
				6386D75A1DD2C08E0020B897 /* Frameworks */,
				6386D75B1DD2C08E0020B897 /* Resources */,
			);
			buildRules = (
			);
			dependencies = (
			);
			name = SchedFixMobile;
			productName = SchedFixMobile;
			productReference = 6386D75D1DD2C08E0020B897 /* SchedFixMobile.app */;
			productType = "com.apple.product-type.application";
		};
		63AE702D1DD0792700872CAF /* SchedFix */ = {
			isa = PBXNativeTarget;
			buildConfigurationList = 63AE703D1DD0792700872CAF /* Build configuration list for PBXNativeTarget "SchedFix" */;
			buildPhases = (
				63AE702A1DD0792700872CAF /* Sources */,
				63AE702B1DD0792700872CAF /* Frameworks */,
				63AE702C1DD0792700872CAF /* Resources */,
			);
			buildRules = (
			);
			dependencies = (
			);
			name = SchedFix;
			productName = SchedFix;
			productReference = 63AE702E1DD0792700872CAF /* SchedFix.app */;
			productType = "com.apple.product-type.application";
		};
/* End PBXNativeTarget section */

/* Begin PBXProject section */
		63AE70261DD0792700872CAF /* Project object */ = {
			isa = PBXProject;
			attributes = {
				LastSwiftUpdateCheck = 0810;
				LastUpgradeCheck = 0810;
				ORGANIZATIONNAME = "Paul Colusso";
				TargetAttributes = {
					6386D75C1DD2C08E0020B897 = {
						CreatedOnToolsVersion = 8.1;
						DevelopmentTeam = KMCZBZDRGH;
						ProvisioningStyle = Automatic;
					};
					63AE702D1DD0792700872CAF = {
						CreatedOnToolsVersion = 8.1;
						DevelopmentTeam = KMCZBZDRGH;
						ProvisioningStyle = Automatic;
						SystemCapabilities = {
							com.apple.Sandbox = {
								enabled = 1;
							};
						};
					};
				};
			};
			buildConfigurationList = 63AE70291DD0792700872CAF /* Build configuration list for PBXProject "SchedFix" */;
			compatibilityVersion = "Xcode 3.2";
			developmentRegion = English;
			hasScannedForEncodings = 0;
			knownRegions = (
				en,
				Base,
			);
			mainGroup = 63AE70251DD0792700872CAF;
			productRefGroup = 63AE702F1DD0792700872CAF /* Products */;
			projectDirPath = "";
			projectRoot = "";
			targets = (
				63AE702D1DD0792700872CAF /* SchedFix */,
				6386D75C1DD2C08E0020B897 /* SchedFixMobile */,
			);
		};
/* End PBXProject section */

/* Begin PBXResourcesBuildPhase section */
		6386D75B1DD2C08E0020B897 /* Resources */ = {
			isa = PBXResourcesBuildPhase;
			buildActionMask = 2147483647;
			files = (
				6386D76A1DD2C08E0020B897 /* LaunchScreen.storyboard in Resources */,
				6386D7671DD2C08E0020B897 /* Assets.xcassets in Resources */,
				6386D7651DD2C08E0020B897 /* Main.storyboard in Resources */,
			);
			runOnlyForDeploymentPostprocessing = 0;
		};
		63AE702C1DD0792700872CAF /* Resources */ = {
			isa = PBXResourcesBuildPhase;
			buildActionMask = 2147483647;
			files = (
				63AE70361DD0792700872CAF /* Assets.xcassets in Resources */,
				63AE70391DD0792700872CAF /* Main.storyboard in Resources */,
			);
			runOnlyForDeploymentPostprocessing = 0;
		};
/* End PBXResourcesBuildPhase section */

/* Begin PBXSourcesBuildPhase section */
		6386D7591DD2C08E0020B897 /* Sources */ = {
			isa = PBXSourcesBuildPhase;
			buildActionMask = 2147483647;
			files = (
				6386D7741DD2CC020020B897 /* EventFixManager.swift in Sources */,
				6386D7621DD2C08E0020B897 /* MainViewController.swift in Sources */,
				6386D7601DD2C08E0020B897 /* AppDelegate.swift in Sources */,
				6386D7771DD2CE140020B897 /* SettingsViewController.swift in Sources */,
				6386D7721DD2CC020020B897 /* EventFix.swift in Sources */,
			);
			runOnlyForDeploymentPostprocessing = 0;
		};
		63AE702A1DD0792700872CAF /* Sources */ = {
			isa = PBXSourcesBuildPhase;
			buildActionMask = 2147483647;
			files = (
				63AE70341DD0792700872CAF /* ViewController.swift in Sources */,
				63AE70321DD0792700872CAF /* AppDelegate.swift in Sources */,
				6386D7731DD2CC020020B897 /* EventFixManager.swift in Sources */,
				6386D7711DD2CC020020B897 /* EventFix.swift in Sources */,
				6398EB581DD2AB0E0034CEAB /* TweakViewController.swift in Sources */,
			);
			runOnlyForDeploymentPostprocessing = 0;
		};
/* End PBXSourcesBuildPhase section */

/* Begin PBXVariantGroup section */
		6386D7631DD2C08E0020B897 /* Main.storyboard */ = {
			isa = PBXVariantGroup;
			children = (
				6386D7641DD2C08E0020B897 /* Base */,
			);
			name = Main.storyboard;
			sourceTree = "<group>";
		};
		6386D7681DD2C08E0020B897 /* LaunchScreen.storyboard */ = {
			isa = PBXVariantGroup;
			children = (
				6386D7691DD2C08E0020B897 /* Base */,
			);
			name = LaunchScreen.storyboard;
			sourceTree = "<group>";
		};
		63AE70371DD0792700872CAF /* Main.storyboard */ = {
			isa = PBXVariantGroup;
			children = (
				63AE70381DD0792700872CAF /* Base */,
			);
			name = Main.storyboard;
			sourceTree = "<group>";
		};
/* End PBXVariantGroup section */

/* Begin XCBuildConfiguration section */
		6386D76C1DD2C08E0020B897 /* Debug */ = {
			isa = XCBuildConfiguration;
			buildSettings = {
				ASSETCATALOG_COMPILER_APPICON_NAME = AppIcon;
				"CODE_SIGN_IDENTITY[sdk=iphoneos*]" = "iPhone Developer";
				DEVELOPMENT_TEAM = KMCZBZDRGH;
				INFOPLIST_FILE = SchedFixMobile/Info.plist;
				IPHONEOS_DEPLOYMENT_TARGET = 9.2;
				LD_RUNPATH_SEARCH_PATHS = "$(inherited) @executable_path/Frameworks";
				PRODUCT_BUNDLE_IDENTIFIER = pc.utils.SchedFixMobile;
				PRODUCT_NAME = "$(TARGET_NAME)";
				SDKROOT = iphoneos;
				SWIFT_VERSION = 3.0;
				TARGETED_DEVICE_FAMILY = "1,2";
			};
			name = Debug;
		};
		6386D76D1DD2C08E0020B897 /* Release */ = {
			isa = XCBuildConfiguration;
			buildSettings = {
				ASSETCATALOG_COMPILER_APPICON_NAME = AppIcon;
				"CODE_SIGN_IDENTITY[sdk=iphoneos*]" = "iPhone Developer";
				DEVELOPMENT_TEAM = KMCZBZDRGH;
				INFOPLIST_FILE = SchedFixMobile/Info.plist;
				IPHONEOS_DEPLOYMENT_TARGET = 9.2;
				LD_RUNPATH_SEARCH_PATHS = "$(inherited) @executable_path/Frameworks";
				PRODUCT_BUNDLE_IDENTIFIER = pc.utils.SchedFixMobile;
				PRODUCT_NAME = "$(TARGET_NAME)";
				SDKROOT = iphoneos;
				SWIFT_VERSION = 3.0;
				TARGETED_DEVICE_FAMILY = "1,2";
				VALIDATE_PRODUCT = YES;
			};
			name = Release;
		};
		63AE703B1DD0792700872CAF /* Debug */ = {
			isa = XCBuildConfiguration;
			buildSettings = {
				ALWAYS_SEARCH_USER_PATHS = NO;
				CLANG_ANALYZER_NONNULL = YES;
				CLANG_CXX_LANGUAGE_STANDARD = "gnu++0x";
				CLANG_CXX_LIBRARY = "libc++";
				CLANG_ENABLE_MODULES = YES;
				CLANG_ENABLE_OBJC_ARC = YES;
				CLANG_WARN_BOOL_CONVERSION = YES;
				CLANG_WARN_CONSTANT_CONVERSION = YES;
				CLANG_WARN_DIRECT_OBJC_ISA_USAGE = YES_ERROR;
				CLANG_WARN_DOCUMENTATION_COMMENTS = YES;
				CLANG_WARN_EMPTY_BODY = YES;
				CLANG_WARN_ENUM_CONVERSION = YES;
				CLANG_WARN_INFINITE_RECURSION = YES;
				CLANG_WARN_INT_CONVERSION = YES;
				CLANG_WARN_OBJC_ROOT_CLASS = YES_ERROR;
				CLANG_WARN_SUSPICIOUS_MOVES = YES;
				CLANG_WARN_UNREACHABLE_CODE = YES;
				CLANG_WARN__DUPLICATE_METHOD_MATCH = YES;
				CODE_SIGN_IDENTITY = "-";
				COPY_PHASE_STRIP = NO;
				DEBUG_INFORMATION_FORMAT = dwarf;
				ENABLE_STRICT_OBJC_MSGSEND = YES;
				ENABLE_TESTABILITY = YES;
				GCC_C_LANGUAGE_STANDARD = gnu99;
				GCC_DYNAMIC_NO_PIC = NO;
				GCC_NO_COMMON_BLOCKS = YES;
				GCC_OPTIMIZATION_LEVEL = 0;
				GCC_PREPROCESSOR_DEFINITIONS = (
					"DEBUG=1",
					"$(inherited)",
				);
				GCC_WARN_64_TO_32_BIT_CONVERSION = YES;
				GCC_WARN_ABOUT_RETURN_TYPE = YES_ERROR;
				GCC_WARN_UNDECLARED_SELECTOR = YES;
				GCC_WARN_UNINITIALIZED_AUTOS = YES_AGGRESSIVE;
				GCC_WARN_UNUSED_FUNCTION = YES;
				GCC_WARN_UNUSED_VARIABLE = YES;
				MACOSX_DEPLOYMENT_TARGET = 10.12;
				MTL_ENABLE_DEBUG_INFO = YES;
				ONLY_ACTIVE_ARCH = YES;
				SDKROOT = macosx;
				SWIFT_ACTIVE_COMPILATION_CONDITIONS = DEBUG;
				SWIFT_OPTIMIZATION_LEVEL = "-Onone";
			};
			name = Debug;
		};
		63AE703C1DD0792700872CAF /* Release */ = {
			isa = XCBuildConfiguration;
			buildSettings = {
				ALWAYS_SEARCH_USER_PATHS = NO;
				CLANG_ANALYZER_NONNULL = YES;
				CLANG_CXX_LANGUAGE_STANDARD = "gnu++0x";
				CLANG_CXX_LIBRARY = "libc++";
				CLANG_ENABLE_MODULES = YES;
				CLANG_ENABLE_OBJC_ARC = YES;
				CLANG_WARN_BOOL_CONVERSION = YES;
				CLANG_WARN_CONSTANT_CONVERSION = YES;
				CLANG_WARN_DIRECT_OBJC_ISA_USAGE = YES_ERROR;
				CLANG_WARN_DOCUMENTATION_COMMENTS = YES;
				CLANG_WARN_EMPTY_BODY = YES;
				CLANG_WARN_ENUM_CONVERSION = YES;
				CLANG_WARN_INFINITE_RECURSION = YES;
				CLANG_WARN_INT_CONVERSION = YES;
				CLANG_WARN_OBJC_ROOT_CLASS = YES_ERROR;
				CLANG_WARN_SUSPICIOUS_MOVES = YES;
				CLANG_WARN_UNREACHABLE_CODE = YES;
				CLANG_WARN__DUPLICATE_METHOD_MATCH = YES;
				CODE_SIGN_IDENTITY = "-";
				COPY_PHASE_STRIP = NO;
				DEBUG_INFORMATION_FORMAT = "dwarf-with-dsym";
				ENABLE_NS_ASSERTIONS = NO;
				ENABLE_STRICT_OBJC_MSGSEND = YES;
				GCC_C_LANGUAGE_STANDARD = gnu99;
				GCC_NO_COMMON_BLOCKS = YES;
				GCC_WARN_64_TO_32_BIT_CONVERSION = YES;
				GCC_WARN_ABOUT_RETURN_TYPE = YES_ERROR;
				GCC_WARN_UNDECLARED_SELECTOR = YES;
				GCC_WARN_UNINITIALIZED_AUTOS = YES_AGGRESSIVE;
				GCC_WARN_UNUSED_FUNCTION = YES;
				GCC_WARN_UNUSED_VARIABLE = YES;
				MACOSX_DEPLOYMENT_TARGET = 10.12;
				MTL_ENABLE_DEBUG_INFO = NO;
				SDKROOT = macosx;
				SWIFT_OPTIMIZATION_LEVEL = "-Owholemodule";
			};
			name = Release;
		};
		63AE703E1DD0792700872CAF /* Debug */ = {
			isa = XCBuildConfiguration;
			buildSettings = {
				ASSETCATALOG_COMPILER_APPICON_NAME = AppIcon;
				CODE_SIGN_ENTITLEMENTS = SchedFix/SchedFix.entitlements;
				CODE_SIGN_IDENTITY = "Mac Developer";
				COMBINE_HIDPI_IMAGES = YES;
				DEVELOPMENT_TEAM = KMCZBZDRGH;
				INFOPLIST_FILE = SchedFix/Info.plist;
				LD_RUNPATH_SEARCH_PATHS = "$(inherited) @executable_path/../Frameworks";
				PRODUCT_BUNDLE_IDENTIFIER = pc.utils.SchedFix;
				PRODUCT_NAME = "$(TARGET_NAME)";
				SWIFT_VERSION = 3.0;
			};
			name = Debug;
		};
		63AE703F1DD0792700872CAF /* Release */ = {
			isa = XCBuildConfiguration;
			buildSettings = {
				ASSETCATALOG_COMPILER_APPICON_NAME = AppIcon;
				CODE_SIGN_ENTITLEMENTS = SchedFix/SchedFix.entitlements;
				CODE_SIGN_IDENTITY = "Mac Developer";
				COMBINE_HIDPI_IMAGES = YES;
				DEVELOPMENT_TEAM = KMCZBZDRGH;
				INFOPLIST_FILE = SchedFix/Info.plist;
				LD_RUNPATH_SEARCH_PATHS = "$(inherited) @executable_path/../Frameworks";
				PRODUCT_BUNDLE_IDENTIFIER = pc.utils.SchedFix;
				PRODUCT_NAME = "$(TARGET_NAME)";
				SWIFT_VERSION = 3.0;
			};
			name = Release;
		};
/* End XCBuildConfiguration section */

/* Begin XCConfigurationList section */
		6386D76E1DD2C08E0020B897 /* Build configuration list for PBXNativeTarget "SchedFixMobile" */ = {
			isa = XCConfigurationList;
			buildConfigurations = (
				6386D76C1DD2C08E0020B897 /* Debug */,
				6386D76D1DD2C08E0020B897 /* Release */,
			);
			defaultConfigurationIsVisible = 0;
			defaultConfigurationName = Release;
		};
		63AE70291DD0792700872CAF /* Build configuration list for PBXProject "SchedFix" */ = {
			isa = XCConfigurationList;
			buildConfigurations = (
				63AE703B1DD0792700872CAF /* Debug */,
				63AE703C1DD0792700872CAF /* Release */,
			);
			defaultConfigurationIsVisible = 0;
			defaultConfigurationName = Release;
		};
		63AE703D1DD0792700872CAF /* Build configuration list for PBXNativeTarget "SchedFix" */ = {
			isa = XCConfigurationList;
			buildConfigurations = (
				63AE703E1DD0792700872CAF /* Debug */,
				63AE703F1DD0792700872CAF /* Release */,
			);
			defaultConfigurationIsVisible = 0;
			defaultConfigurationName = Release;
		};
/* End XCConfigurationList section */
	};
	rootObject = 63AE70261DD0792700872CAF /* Project object */;
}
